
Microsoft Visual Studio Solution File, Format Version 12.00
# Visual Studio Version 16
VisualStudioVersion = 16.0.30204.135
MinimumVisualStudioVersion = 10.0.40219.1
Project("{FAE04EC0-301F-11D3-BF4B-00C04F79EFBC}") = "Crawler", "Crawler\Crawler.csproj", "{D6305460-2923-4FE3-9F77-51CB62EBEEDD}"
EndProject
Global
	GlobalSection(SolutionConfigurationPlatforms) = preSolution
		Debug|Any CPU = Debug|Any CPU
		Release|Any CPU = Release|Any CPU
	EndGlobalSection
	GlobalSection(ProjectConfigurationPlatforms) = postSolution
		{D6305460-2923-4FE3-9F77-51CB62EBEEDD}.Debug|Any CPU.ActiveCfg = Debug|Any CPU
		{D6305460-2923-4FE3-9F77-51CB62EBEEDD}.Debug|Any CPU.Build.0 = Debug|Any CPU
		{D6305460-2923-4FE3-9F77-51CB62EBEEDD}.Release|Any CPU.ActiveCfg = Release|Any CPU
		{D6305460-2923-4FE3-9F77-51CB62EBEEDD}.Release|Any CPU.Build.0 = Release|Any CPU
	EndGlobalSection
	GlobalSection(SolutionProperties) = preSolution
		HideSolutionNode = FALSE
	EndGlobalSection
	GlobalSection(ExtensibilityGlobals) = postSolution
		SolutionGuid = {66DE3594-F4CC-43C9-97D3-FFF76183F157}
	EndGlobalSection
EndGlobal
